{
  "name": "SchoolData",
  "lockfileVersion": 3,
  "requires": true,
  "packages": {
    "": {
      "dependencies": {
        "@stlite/browser": "^0.86.0"
      }
    },
    "node_modules/@stlite/browser": {
      "version": "0.86.0",
      "resolved": "https://registry.npmjs.org/@stlite/browser/-/browser-0.86.0.tgz",
      "integrity": "sha512-mKcjmg+qY9L0CqTLX3+XtBCQIHURyrdqMnpabb8iY3skcU+icAl143AQdjLDrNn0Ld2tg2sGTbQBwRIbi5PTRA=="
    }
  }
}
